
Microsoft Visual Studio Solution File, Format Version 12.00
# Visual Studio 15
VisualStudioVersion = 15.0.27130.2026
MinimumVisualStudioVersion = 10.0.40219.1
Project("{888888A0-9F3D-457C-B088-3A5042F75D52}") = "MapProduction", "MapProduction.pyproj", "{00B18597-48C9-4E9D-B151-85F25DC6DFE2}"
EndProject
Global
	GlobalSection(SolutionConfigurationPlatforms) = preSolution
		Debug|Any CPU = Debug|Any CPU
		Release|Any CPU = Release|Any CPU
	EndGlobalSection
	GlobalSection(ProjectConfigurationPlatforms) = postSolution
		{00B18597-48C9-4E9D-B151-85F25DC6DFE2}.Debug|Any CPU.ActiveCfg = Debug|Any CPU
		{00B18597-48C9-4E9D-B151-85F25DC6DFE2}.Release|Any CPU.ActiveCfg = Release|Any CPU
	EndGlobalSection
	GlobalSection(SolutionProperties) = preSolution
		HideSolutionNode = FALSE
	EndGlobalSection
	GlobalSection(ExtensibilityGlobals) = postSolution
		SolutionGuid = {E1FCEBCA-4BB0-4848-9A1C-E79CA77FA875}
	EndGlobalSection
EndGlobal
